<?xml version="1.0" encoding="utf-8"?>
<Project ToolsVersion="4.0" xmlns="http://schemas.microsoft.com/developer/msbuild/2003">
  <ItemGroup>
    <Filter Include="源文件">
      <UniqueIdentifier>{4FC737F1-C7A5-4376-A066-2A32D752A2FF}</UniqueIdentifier>
      <Extensions>cpp;c;cc;cxx;c++;cppm;ixx;def;odl;idl;hpj;bat;asm;asmx</Extensions>
    </Filter>
    <Filter Include="头文件">
      <UniqueIdentifier>{93995380-89BD-4b04-88EB-625FBE52EBFB}</UniqueIdentifier>
      <Extensions>h;hh;hpp;hxx;h++;hm;inl;inc;ipp;xsd</Extensions>
    </Filter>
    <Filter Include="资源文件">
      <UniqueIdentifier>{67DA6AB6-F800-4c08-8B7A-83BB121AAD01}</UniqueIdentifier>
      <Extensions>rc;ico;cur;bmp;dlg;rc2;rct;bin;rgs;gif;jpg;jpeg;jpe;resx;tiff;tif;png;wav;mfcribbon-ms</Extensions>
    </Filter>
    <Filter Include="源文件\nurbs">
      <UniqueIdentifier>{d4de4d2b-f209-4607-907d-6b030f562086}</UniqueIdentifier>
    </Filter>
    <Filter Include="头文件\nurbs_include">
      <UniqueIdentifier>{1b1f0b16-df04-48aa-9696-ec6282c9326f}</UniqueIdentifier>
    </Filter>
  </ItemGroup>
  <ItemGroup>
    <ClCompile Include="light.cpp">
      <Filter>源文件</Filter>
    </ClCompile>
    <ClCompile Include="main.cpp">
      <Filter>源文件</Filter>
    </ClCompile>
    <ClCompile Include="glad.c">
      <Filter>源文件</Filter>
    </ClCompile>
    <ClCompile Include="nurbs\BSplineCurve.cpp">
      <Filter>源文件\nurbs</Filter>
    </ClCompile>
    <ClCompile Include="nurbs\BSplineSurface.cpp">
      <Filter>源文件\nurbs</Filter>
    </ClCompile>
    <ClCompile Include="nurbs\draw_objects.cpp">
      <Filter>源文件\nurbs</Filter>
    </ClCompile>
    <ClCompile Include="nurbs\Matrix33.cpp">
      <Filter>源文件\nurbs</Filter>
    </ClCompile>
    <ClCompile Include="nurbs\sweptSurface.cpp">
      <Filter>源文件\nurbs</Filter>
    </ClCompile>
    <ClCompile Include="nurbs\testcases.cpp">
      <Filter>源文件\nurbs</Filter>
    </ClCompile>
    <ClCompile Include="nurbs\trackball.cpp">
      <Filter>源文件\nurbs</Filter>
    </ClCompile>
    <ClCompile Include="nurbs\vector3D.cpp">
      <Filter>源文件\nurbs</Filter>
    </ClCompile>
  </ItemGroup>
  <ItemGroup>
    <ClInclude Include="camera.h">
      <Filter>头文件</Filter>
    </ClInclude>
    <ClInclude Include="light.h">
      <Filter>头文件</Filter>
    </ClInclude>
    <ClInclude Include="mesh.h">
      <Filter>头文件</Filter>
    </ClInclude>
    <ClInclude Include="model.h">
      <Filter>头文件</Filter>
    </ClInclude>
    <ClInclude Include="Object.h">
      <Filter>头文件</Filter>
    </ClInclude>
    <ClInclude Include="shader.h">
      <Filter>头文件</Filter>
    </ClInclude>
    <ClInclude Include="Object.h">
      <Filter>头文件</Filter>
    </ClInclude>
    <ClInclude Include="utils.h">
      <Filter>头文件</Filter>
    </ClInclude>
    <ClInclude Include="stb_image.h">
      <Filter>头文件</Filter>
    </ClInclude>
    <ClInclude Include="nurbs\BSplineCurve.h">
      <Filter>头文件\nurbs_include</Filter>
    </ClInclude>
    <ClInclude Include="nurbs\BSplineSurface.h">
      <Filter>头文件\nurbs_include</Filter>
    </ClInclude>
    <ClInclude Include="nurbs\draw_objects.h">
      <Filter>头文件\nurbs_include</Filter>
    </ClInclude>
    <ClInclude Include="nurbs\Matrix33.h">
      <Filter>头文件\nurbs_include</Filter>
    </ClInclude>
    <ClInclude Include="nurbs\Point.h">
      <Filter>头文件\nurbs_include</Filter>
    </ClInclude>
    <ClInclude Include="nurbs\sweptSurface.h">
      <Filter>头文件\nurbs_include</Filter>
    </ClInclude>
    <ClInclude Include="nurbs\testcases.h">
      <Filter>头文件\nurbs_include</Filter>
    </ClInclude>
    <ClInclude Include="nurbs\trackball.h">
      <Filter>头文件\nurbs_include</Filter>
    </ClInclude>
    <ClInclude Include="nurbs\vector3D.h">
      <Filter>头文件\nurbs_include</Filter>
    </ClInclude>
  </ItemGroup>
  <ItemGroup>
    <None Include="packages.config" />
  </ItemGroup>
</Project>